
Microsoft Visual Studio Solution File, Format Version 12.00
Project("{FAE04EC0-301F-11D3-BF4B-00C04F79EFBC}") = "Learning1", "Learning1\Learning1.csproj", "{5D7CE62D-9524-4521-B1B1-03277DC35ADA}"
EndProject
Global
	GlobalSection(SolutionConfigurationPlatforms) = preSolution
		Debug|Any CPU = Debug|Any CPU
		Release|Any CPU = Release|Any CPU
	EndGlobalSection
	GlobalSection(ProjectConfigurationPlatforms) = postSolution
		{5D7CE62D-9524-4521-B1B1-03277DC35ADA}.Debug|Any CPU.ActiveCfg = Debug|Any CPU
		{5D7CE62D-9524-4521-B1B1-03277DC35ADA}.Debug|Any CPU.Build.0 = Debug|Any CPU
		{5D7CE62D-9524-4521-B1B1-03277DC35ADA}.Release|Any CPU.ActiveCfg = Release|Any CPU
		{5D7CE62D-9524-4521-B1B1-03277DC35ADA}.Release|Any CPU.Build.0 = Release|Any CPU
	EndGlobalSection
EndGlobal
